
Microsoft Visual Studio Solution File, Format Version 12.00
# Visual Studio 14
VisualStudioVersion = 14.0.25420.1
MinimumVisualStudioVersion = 10.0.40219.1
Project("{FAE04EC0-301F-11D3-BF4B-00C04F79EFBC}") = "VxEventInjector", "VxEventInjector\VxEventInjector.csproj", "{AD8C4191-C12E-4939-98F1-060F449105C7}"
	ProjectSection(ProjectDependencies) = postProject
		{7B8BD603-EB13-4E0D-A7E9-7A36813E52E1} = {7B8BD603-EB13-4E0D-A7E9-7A36813E52E1}
		{48937C26-95F1-4C68-B457-924479B3C99F} = {48937C26-95F1-4C68-B457-924479B3C99F}
		{6515B45C-3819-4B77-9618-A3E0F86C56E2} = {6515B45C-3819-4B77-9618-A3E0F86C56E2}
		{29CF9091-2A69-4E5D-BA44-B94BB23861C3} = {29CF9091-2A69-4E5D-BA44-B94BB23861C3}
		{FF410DCC-13C6-490A-8C83-70E0C1588120} = {FF410DCC-13C6-490A-8C83-70E0C1588120}
		{EC0806D2-BFE5-4D83-A849-7AE10A403F48} = {EC0806D2-BFE5-4D83-A849-7AE10A403F48}
	EndProjectSection
EndProject
Project("{FAE04EC0-301F-11D3-BF4B-00C04F79EFBC}") = "VxEventInjectorSvc", "VxEventInjectorSvc\VxEventInjectorSvc.csproj", "{AEEC73C4-E504-41DB-9295-26698DE117DB}"
	ProjectSection(ProjectDependencies) = postProject
		{7B8BD603-EB13-4E0D-A7E9-7A36813E52E1} = {7B8BD603-EB13-4E0D-A7E9-7A36813E52E1}
		{6515B45C-3819-4B77-9618-A3E0F86C56E2} = {6515B45C-3819-4B77-9618-A3E0F86C56E2}
		{29CF9091-2A69-4E5D-BA44-B94BB23861C3} = {29CF9091-2A69-4E5D-BA44-B94BB23861C3}
		{FF410DCC-13C6-490A-8C83-70E0C1588120} = {FF410DCC-13C6-490A-8C83-70E0C1588120}
		{EC0806D2-BFE5-4D83-A849-7AE10A403F48} = {EC0806D2-BFE5-4D83-A849-7AE10A403F48}
	EndProjectSection
EndProject
Project("{FAE04EC0-301F-11D3-BF4B-00C04F79EFBC}") = "VxEventAgent", "VxEventAgent\VxEventAgent.csproj", "{390AF151-7EBC-461A-8CB4-FBD55D1BDC00}"
EndProject
Project("{FAE04EC0-301F-11D3-BF4B-00C04F79EFBC}") = "VxEventInjectorCommon", "VxEventInjectorCommon\VxEventInjectorCommon.csproj", "{68EC1DEC-9911-40C4-B596-B657BF380835}"
	ProjectSection(ProjectDependencies) = postProject
		{48937C26-95F1-4C68-B457-924479B3C99F} = {48937C26-95F1-4C68-B457-924479B3C99F}
	EndProjectSection
EndProject
Project("{2150E333-8FDC-42A3-9474-1A3956D46DE8}") = "Deps", "Deps", "{4ED1961E-31FC-4088-B185-5520A5210CC7}"
EndProject
Project("{2150E333-8FDC-42A3-9474-1A3956D46DE8}") = "Client", "Client", "{297C79AA-955B-455B-A10A-D7C4972C743C}"
EndProject
Project("{2150E333-8FDC-42A3-9474-1A3956D46DE8}") = "Server", "Server", "{B04D987D-0D2A-4E88-B9CC-7BDD9F8C68AD}"
EndProject
Project("{2150E333-8FDC-42A3-9474-1A3956D46DE8}") = "Common", "Common", "{9627F7B7-290C-4097-8F23-32CB5F1814D6}"
EndProject
Project("{2150E333-8FDC-42A3-9474-1A3956D46DE8}") = "SampleAgents", "SampleAgents", "{76DF5F3C-184C-4166-BEA2-CC855CA481A0}"
EndProject
Project("{FAE04EC0-301F-11D3-BF4B-00C04F79EFBC}") = "Pelco.AgentHosting", "Pelco.AgentHosting\Pelco.AgentHosting.csproj", "{FF410DCC-13C6-490A-8C83-70E0C1588120}"
	ProjectSection(ProjectDependencies) = postProject
		{390AF151-7EBC-461A-8CB4-FBD55D1BDC00} = {390AF151-7EBC-461A-8CB4-FBD55D1BDC00}
	EndProjectSection
EndProject
Project("{FAE04EC0-301F-11D3-BF4B-00C04F79EFBC}") = "Pelco.AgentProcess", "Pelco.AgentProcess\Pelco.AgentProcess.csproj", "{EC0806D2-BFE5-4D83-A849-7AE10A403F48}"
EndProject
Project("{FAE04EC0-301F-11D3-BF4B-00C04F79EFBC}") = "Pelco.AgentProcess64", "Pelco.AgentProcess64\Pelco.AgentProcess64.csproj", "{29CF9091-2A69-4E5D-BA44-B94BB23861C3}"
EndProject
Project("{2150E333-8FDC-42A3-9474-1A3956D46DE8}") = "Installer", "Installer", "{3A98D88D-B8BB-46C8-B682-146223B78EB3}"
EndProject
Project("{FAE04EC0-301F-11D3-BF4B-00C04F79EFBC}") = "Pelco.Helpers", "External\Pelco\Helpers-1.0\Core\Pelco.Helpers.csproj", "{48937C26-95F1-4C68-B457-924479B3C99F}"
EndProject
Project("{FAE04EC0-301F-11D3-BF4B-00C04F79EFBC}") = "Pelco.Logging", "External\Pelco\Logging-1.0\Core\Pelco.Logging.csproj", "{CF140940-7EB1-4877-9D62-46787751B549}"
EndProject
Project("{FAE04EC0-301F-11D3-BF4B-00C04F79EFBC}") = "SampleAgent", "SampleAgents\SampleAgent\SampleAgent.csproj", "{F41502CC-82B0-45D4-90DB-8EA86E48ABDB}"
EndProject
Project("{FAE04EC0-301F-11D3-BF4B-00C04F79EFBC}") = "StressAgent", "SampleAgents\StressAgent\StressAgent.csproj", "{1D2921ED-F2D3-4873-A237-4235239C8ECB}"
EndProject
Project("{FAE04EC0-301F-11D3-BF4B-00C04F79EFBC}") = "VxAgentLoader32", "VxAgentLoader32\VxAgentLoader32.csproj", "{6515B45C-3819-4B77-9618-A3E0F86C56E2}"
EndProject
Project("{930C7802-8A8C-48F9-8165-68863BCCD9DD}") = "Setup", "Setup\Setup.wixproj", "{8BA78190-C284-4075-BBCB-5C21BB12E428}"
	ProjectSection(ProjectDependencies) = postProject
		{48937C26-95F1-4C68-B457-924479B3C99F} = {48937C26-95F1-4C68-B457-924479B3C99F}
		{CF140940-7EB1-4877-9D62-46787751B549} = {CF140940-7EB1-4877-9D62-46787751B549}
		{390AF151-7EBC-461A-8CB4-FBD55D1BDC00} = {390AF151-7EBC-461A-8CB4-FBD55D1BDC00}
		{6515B45C-3819-4B77-9618-A3E0F86C56E2} = {6515B45C-3819-4B77-9618-A3E0F86C56E2}
		{AD8C4191-C12E-4939-98F1-060F449105C7} = {AD8C4191-C12E-4939-98F1-060F449105C7}
		{29CF9091-2A69-4E5D-BA44-B94BB23861C3} = {29CF9091-2A69-4E5D-BA44-B94BB23861C3}
		{AEEC73C4-E504-41DB-9295-26698DE117DB} = {AEEC73C4-E504-41DB-9295-26698DE117DB}
		{F41502CC-82B0-45D4-90DB-8EA86E48ABDB} = {F41502CC-82B0-45D4-90DB-8EA86E48ABDB}
		{FF410DCC-13C6-490A-8C83-70E0C1588120} = {FF410DCC-13C6-490A-8C83-70E0C1588120}
		{EC0806D2-BFE5-4D83-A849-7AE10A403F48} = {EC0806D2-BFE5-4D83-A849-7AE10A403F48}
		{D0062EE6-56CA-4079-99E8-9F3DA5184205} = {D0062EE6-56CA-4079-99E8-9F3DA5184205}
		{68EC1DEC-9911-40C4-B596-B657BF380835} = {68EC1DEC-9911-40C4-B596-B657BF380835}
		{1D2921ED-F2D3-4873-A237-4235239C8ECB} = {1D2921ED-F2D3-4873-A237-4235239C8ECB}
	EndProjectSection
EndProject
Project("{8BC9CEB8-8B4A-11D0-8D11-00A0C91BC942}") = "CSharpWrapper", "External\Pelco\VxSdk-1.2\CSharpWrapper\CSharpWrapper14.vcxproj", "{7B8BD603-EB13-4E0D-A7E9-7A36813E52E1}"
EndProject
Project("{FAE04EC0-301F-11D3-BF4B-00C04F79EFBC}") = "MinimalEventAgent", "SampleAgents\MinimalEventAgent\MinimalEventAgent.csproj", "{D0062EE6-56CA-4079-99E8-9F3DA5184205}"
EndProject
Global
	GlobalSection(SolutionConfigurationPlatforms) = preSolution
		Debug|x64 = Debug|x64
		Release|x64 = Release|x64
	EndGlobalSection
	GlobalSection(ProjectConfigurationPlatforms) = postSolution
		{AD8C4191-C12E-4939-98F1-060F449105C7}.Debug|x64.ActiveCfg = Debug|x64
		{AD8C4191-C12E-4939-98F1-060F449105C7}.Debug|x64.Build.0 = Debug|x64
		{AD8C4191-C12E-4939-98F1-060F449105C7}.Release|x64.ActiveCfg = Release|x64
		{AD8C4191-C12E-4939-98F1-060F449105C7}.Release|x64.Build.0 = Release|x64
		{AEEC73C4-E504-41DB-9295-26698DE117DB}.Debug|x64.ActiveCfg = Debug|x64
		{AEEC73C4-E504-41DB-9295-26698DE117DB}.Debug|x64.Build.0 = Debug|x64
		{AEEC73C4-E504-41DB-9295-26698DE117DB}.Release|x64.ActiveCfg = Release|x64
		{AEEC73C4-E504-41DB-9295-26698DE117DB}.Release|x64.Build.0 = Release|x64
		{390AF151-7EBC-461A-8CB4-FBD55D1BDC00}.Debug|x64.ActiveCfg = Debug|Any CPU
		{390AF151-7EBC-461A-8CB4-FBD55D1BDC00}.Debug|x64.Build.0 = Debug|Any CPU
		{390AF151-7EBC-461A-8CB4-FBD55D1BDC00}.Release|x64.ActiveCfg = Release|Any CPU
		{390AF151-7EBC-461A-8CB4-FBD55D1BDC00}.Release|x64.Build.0 = Release|Any CPU
		{68EC1DEC-9911-40C4-B596-B657BF380835}.Debug|x64.ActiveCfg = Debug|x64
		{68EC1DEC-9911-40C4-B596-B657BF380835}.Debug|x64.Build.0 = Debug|x64
		{68EC1DEC-9911-40C4-B596-B657BF380835}.Release|x64.ActiveCfg = Release|x64
		{68EC1DEC-9911-40C4-B596-B657BF380835}.Release|x64.Build.0 = Release|x64
		{FF410DCC-13C6-490A-8C83-70E0C1588120}.Debug|x64.ActiveCfg = Debug|Any CPU
		{FF410DCC-13C6-490A-8C83-70E0C1588120}.Debug|x64.Build.0 = Debug|Any CPU
		{FF410DCC-13C6-490A-8C83-70E0C1588120}.Release|x64.ActiveCfg = Release|Any CPU
		{FF410DCC-13C6-490A-8C83-70E0C1588120}.Release|x64.Build.0 = Release|Any CPU
		{EC0806D2-BFE5-4D83-A849-7AE10A403F48}.Debug|x64.ActiveCfg = Debug|x86
		{EC0806D2-BFE5-4D83-A849-7AE10A403F48}.Debug|x64.Build.0 = Debug|x86
		{EC0806D2-BFE5-4D83-A849-7AE10A403F48}.Release|x64.ActiveCfg = Release|x86
		{EC0806D2-BFE5-4D83-A849-7AE10A403F48}.Release|x64.Build.0 = Release|x86
		{29CF9091-2A69-4E5D-BA44-B94BB23861C3}.Debug|x64.ActiveCfg = Debug|x64
		{29CF9091-2A69-4E5D-BA44-B94BB23861C3}.Debug|x64.Build.0 = Debug|x64
		{29CF9091-2A69-4E5D-BA44-B94BB23861C3}.Release|x64.ActiveCfg = Release|x64
		{29CF9091-2A69-4E5D-BA44-B94BB23861C3}.Release|x64.Build.0 = Release|x64
		{48937C26-95F1-4C68-B457-924479B3C99F}.Debug|x64.ActiveCfg = Debug|Any CPU
		{48937C26-95F1-4C68-B457-924479B3C99F}.Debug|x64.Build.0 = Debug|Any CPU
		{48937C26-95F1-4C68-B457-924479B3C99F}.Release|x64.ActiveCfg = Release|Any CPU
		{48937C26-95F1-4C68-B457-924479B3C99F}.Release|x64.Build.0 = Release|Any CPU
		{CF140940-7EB1-4877-9D62-46787751B549}.Debug|x64.ActiveCfg = Debug|Any CPU
		{CF140940-7EB1-4877-9D62-46787751B549}.Debug|x64.Build.0 = Debug|Any CPU
		{CF140940-7EB1-4877-9D62-46787751B549}.Release|x64.ActiveCfg = Release|Any CPU
		{CF140940-7EB1-4877-9D62-46787751B549}.Release|x64.Build.0 = Release|Any CPU
		{F41502CC-82B0-45D4-90DB-8EA86E48ABDB}.Debug|x64.ActiveCfg = Debug|x86
		{F41502CC-82B0-45D4-90DB-8EA86E48ABDB}.Debug|x64.Build.0 = Debug|x86
		{F41502CC-82B0-45D4-90DB-8EA86E48ABDB}.Release|x64.ActiveCfg = Release|x86
		{F41502CC-82B0-45D4-90DB-8EA86E48ABDB}.Release|x64.Build.0 = Release|x86
		{1D2921ED-F2D3-4873-A237-4235239C8ECB}.Debug|x64.ActiveCfg = Debug|x64
		{1D2921ED-F2D3-4873-A237-4235239C8ECB}.Debug|x64.Build.0 = Debug|x64
		{1D2921ED-F2D3-4873-A237-4235239C8ECB}.Release|x64.ActiveCfg = Release|x64
		{1D2921ED-F2D3-4873-A237-4235239C8ECB}.Release|x64.Build.0 = Release|x64
		{6515B45C-3819-4B77-9618-A3E0F86C56E2}.Debug|x64.ActiveCfg = Debug|Any CPU
		{6515B45C-3819-4B77-9618-A3E0F86C56E2}.Debug|x64.Build.0 = Debug|Any CPU
		{6515B45C-3819-4B77-9618-A3E0F86C56E2}.Release|x64.ActiveCfg = Release|Any CPU
		{6515B45C-3819-4B77-9618-A3E0F86C56E2}.Release|x64.Build.0 = Release|Any CPU
		{8BA78190-C284-4075-BBCB-5C21BB12E428}.Debug|x64.ActiveCfg = Debug|x86
		{8BA78190-C284-4075-BBCB-5C21BB12E428}.Release|x64.ActiveCfg = Release|x86
		{8BA78190-C284-4075-BBCB-5C21BB12E428}.Release|x64.Build.0 = Release|x86
		{7B8BD603-EB13-4E0D-A7E9-7A36813E52E1}.Debug|x64.ActiveCfg = Debug|x64
		{7B8BD603-EB13-4E0D-A7E9-7A36813E52E1}.Debug|x64.Build.0 = Debug|x64
		{7B8BD603-EB13-4E0D-A7E9-7A36813E52E1}.Release|x64.ActiveCfg = Release|x64
		{7B8BD603-EB13-4E0D-A7E9-7A36813E52E1}.Release|x64.Build.0 = Release|x64
		{D0062EE6-56CA-4079-99E8-9F3DA5184205}.Debug|x64.ActiveCfg = Debug|x64
		{D0062EE6-56CA-4079-99E8-9F3DA5184205}.Debug|x64.Build.0 = Debug|x64
		{D0062EE6-56CA-4079-99E8-9F3DA5184205}.Release|x64.ActiveCfg = Release|x64
		{D0062EE6-56CA-4079-99E8-9F3DA5184205}.Release|x64.Build.0 = Release|x64
	EndGlobalSection
	GlobalSection(SolutionProperties) = preSolution
		HideSolutionNode = FALSE
	EndGlobalSection
	GlobalSection(NestedProjects) = preSolution
		{AD8C4191-C12E-4939-98F1-060F449105C7} = {297C79AA-955B-455B-A10A-D7C4972C743C}
		{AEEC73C4-E504-41DB-9295-26698DE117DB} = {B04D987D-0D2A-4E88-B9CC-7BDD9F8C68AD}
		{390AF151-7EBC-461A-8CB4-FBD55D1BDC00} = {9627F7B7-290C-4097-8F23-32CB5F1814D6}
		{68EC1DEC-9911-40C4-B596-B657BF380835} = {9627F7B7-290C-4097-8F23-32CB5F1814D6}
		{FF410DCC-13C6-490A-8C83-70E0C1588120} = {4ED1961E-31FC-4088-B185-5520A5210CC7}
		{EC0806D2-BFE5-4D83-A849-7AE10A403F48} = {4ED1961E-31FC-4088-B185-5520A5210CC7}
		{29CF9091-2A69-4E5D-BA44-B94BB23861C3} = {4ED1961E-31FC-4088-B185-5520A5210CC7}
		{48937C26-95F1-4C68-B457-924479B3C99F} = {4ED1961E-31FC-4088-B185-5520A5210CC7}
		{CF140940-7EB1-4877-9D62-46787751B549} = {4ED1961E-31FC-4088-B185-5520A5210CC7}
		{F41502CC-82B0-45D4-90DB-8EA86E48ABDB} = {76DF5F3C-184C-4166-BEA2-CC855CA481A0}
		{1D2921ED-F2D3-4873-A237-4235239C8ECB} = {76DF5F3C-184C-4166-BEA2-CC855CA481A0}
		{6515B45C-3819-4B77-9618-A3E0F86C56E2} = {9627F7B7-290C-4097-8F23-32CB5F1814D6}
		{8BA78190-C284-4075-BBCB-5C21BB12E428} = {3A98D88D-B8BB-46C8-B682-146223B78EB3}
		{7B8BD603-EB13-4E0D-A7E9-7A36813E52E1} = {4ED1961E-31FC-4088-B185-5520A5210CC7}
		{D0062EE6-56CA-4079-99E8-9F3DA5184205} = {76DF5F3C-184C-4166-BEA2-CC855CA481A0}
	EndGlobalSection
EndGlobal
